dependencies:
  quasar: 2.0.0-beta.10
  sass: 1.32.8
  vite: 2.1.2
lockfileVersion: 5.2
packages:
  /anymatch/3.1.1:
    dependencies:
      normalize-path: 3.0.0
      picomatch: 2.2.2
    dev: false
    engines:
      node: '>= 8'
    resolution:
      integrity: sha512-mM8522psRCqzV+6LhomX5wgp25YVibjh8Wj23I5RPkPppSVSjyKD2A2mBJmWGa+KN7f2D6LNh9jkBCeyLktzjg==
  /binary-extensions/2.2.0:
    dev: false
    engines:
      node: '>=8'
    resolution:
      integrity: sha512-jDctJ/IVQbZoJykoeHbhXpOlNBqGNcwXJKJog42E5HDPUwQTSdjCHdihjj0DlnheQ7blbT6dHOafNAiS8ooQKA==
  /braces/3.0.2:
    dependencies:
      fill-range: 7.0.1
    dev: false
    engines:
      node: '>=8'
    resolution:
      integrity: sha512-b8um+L1RzM3WDSzvhm6gIz1yfTbBt6YTlcEKAvsmqCZZFw46z626lVj9j1yEPW33H5H+lBQpZMP1k8l+78Ha0A==
  /chokidar/3.5.1:
    dependencies:
      anymatch: 3.1.1
      braces: 3.0.2
      glob-parent: 5.1.2
      is-binary-path: 2.1.0
      is-glob: 4.0.1
      normalize-path: 3.0.0
      readdirp: 3.5.0
    dev: false
    engines:
      node: '>= 8.10.0'
    optionalDependencies:
      fsevents: 2.3.2
    resolution:
      integrity: sha512-9+s+Od+W0VJJzawDma/gvBNQqkTiqYTWLuZoyAsivsI4AaWTCzHG06/TMjsf1cYe9Cb97UCEhjz7HvnPk2p/tw==
  /colorette/1.2.2:
    dev: false
    resolution:
      integrity: sha512-MKGMzyfeuutC/ZJ1cba9NqcNpfeqMUcYmyF1ZFY6/Cn7CNSAKx6a+s48sqLqyAiZuaP2TcqMhoo+dlwFnVxT9w==
  /esbuild/0.9.7:
    dev: false
    hasBin: true
    requiresBuild: true
    resolution:
      integrity: sha512-VtUf6aQ89VTmMLKrWHYG50uByMF4JQlVysb8dmg6cOgW8JnFCipmz7p+HNBl+RR3LLCuBxFGVauAe2wfnF9bLg==
  /fill-range/7.0.1:
    dependencies:
      to-regex-range: 5.0.1
    dev: false
    engines:
      node: '>=8'
    resolution:
      integrity: sha512-qOo9F+dMUmC2Lcb4BbVvnKJxTPjCm+RRpe4gDuGrzkL7mEVl/djYSu2OdQ2Pa302N4oqkSg9ir6jaLWJ2USVpQ==
  /fsevents/2.3.2:
    dev: false
    engines:
      node: ^8.16.0 || ^10.6.0 || >=11.0.0
    optional: true
    os:
      - darwin
    resolution:
      integrity: sha512-xiqMQR4xAeHTuB9uWm+fFRcIOgKBMiOBP+eXiyT7jsgVCq1bkVygt00oASowB7EdtpOHaaPgKt812P9ab+DDKA==
  /function-bind/1.1.1:
    dev: false
    resolution:
      integrity: sha512-yIovAzMX49sF8Yl58fSCWJ5svSLuaibPxXQJFLmBObTuCr0Mf1KiPopGM9NiFjiYBCbfaa2Fh6breQ6ANVTI0A==
  /glob-parent/5.1.2:
    dependencies:
      is-glob: 4.0.1
    dev: false
    engines:
      node: '>= 6'
    resolution:
      integrity: sha512-AOIgSQCepiJYwP3ARnGx+5VnTu2HBYdzbGP45eLw1vr3zB3vZLeyed1sC9hnbcOc9/SrMyM5RPQrkGz4aS9Zow==
  /has/1.0.3:
    dependencies:
      function-bind: 1.1.1
    dev: false
    engines:
      node: '>= 0.4.0'
    resolution:
      integrity: sha512-f2dvO0VU6Oej7RkWJGrehjbzMAjFp5/VKPp5tTpWIV4JHHZK1/BxbFRtf/siA2SWTe09caDmVtYYzWEIbBS4zw==
  /is-binary-path/2.1.0:
    dependencies:
      binary-extensions: 2.2.0
    dev: false
    engines:
      node: '>=8'
    resolution:
      integrity: sha512-ZMERYes6pDydyuGidse7OsHxtbI7WVeUEozgR/g7rd0xUimYNlvZRE/K2MgZTjWy725IfelLeVcEM97mmtRGXw==
  /is-core-module/2.2.0:
    dependencies:
      has: 1.0.3
    dev: false
    resolution:
      integrity: sha512-XRAfAdyyY5F5cOXn7hYQDqh2Xmii+DEfIcQGxK/uNwMHhIkPWO0g8msXcbzLe+MpGoR951MlqM/2iIlU4vKDdQ==
  /is-extglob/2.1.1:
    dev: false
    engines:
      node: '>=0.10.0'
    resolution:
      integrity: sha1-qIwCU1eR8C7TfHahueqXc8gz+MI=
  /is-glob/4.0.1:
    dependencies:
      is-extglob: 2.1.1
    dev: false
    engines:
      node: '>=0.10.0'
    resolution:
      integrity: sha512-5G0tKtBTFImOqDnLB2hG6Bp2qcKEFduo4tZu9MT/H6NQv/ghhy30o55ufafxJ/LdH79LLs2Kfrn85TLKyA7BUg==
  /is-number/7.0.0:
    dev: false
    engines:
      node: '>=0.12.0'
    resolution:
      integrity: sha512-41Cifkg6e8TylSpdtTpeLVMqvSBEVzTttHvERD741+pnZ8ANv0004MRL43QKPDlK9cGvNp6NZWZUBlbGXYxxng==
  /nanoid/3.1.22:
    dev: false
    engines:
      node: ^10 || ^12 || ^13.7 || ^14 || >=15.0.1
    hasBin: true
    resolution:
      integrity: sha512-/2ZUaJX2ANuLtTvqTlgqBQNJoQO398KyJgZloL0PZkC0dpysjncRUPsFe3DUPzz/y3h+u7C46np8RMuvF3jsSQ==
  /normalize-path/3.0.0:
    dev: false
    engines:
      node: '>=0.10.0'
    resolution:
      integrity: sha512-6eZs5Ls3WtCisHWp9S2GUy8dqkpGi4BVSz3GaqiE6ezub0512ESztXUwUB6C6IKbQkY2Pnb/mD4WYojCRwcwLA==
  /path-parse/1.0.6:
    dev: false
    resolution:
      integrity: sha512-GSmOT2EbHrINBf9SR7CDELwlJ8AENk3Qn7OikK4nFYAu3Ote2+JYNVvkpAEQm3/TLNEJFD/xZJjzyxg3KBWOzw==
  /picomatch/2.2.2:
    dev: false
    engines:
      node: '>=8.6'
    resolution:
      integrity: sha512-q0M/9eZHzmr0AulXyPwNfZjtwZ/RBZlbN3K3CErVrk50T2ASYI7Bye0EvekFY3IP1Nt2DHu0re+V2ZHIpMkuWg==
  /postcss/8.2.8:
    dependencies:
      colorette: 1.2.2
      nanoid: 3.1.22
      source-map: 0.6.1
    dev: false
    engines:
      node: ^10 || ^12 || >=14
    resolution:
      integrity: sha512-1F0Xb2T21xET7oQV9eKuctbM9S7BC0fetoHCc4H13z0PT6haiRLP4T0ZY4XWh7iLP0usgqykT6p9B2RtOf4FPw==
  /quasar/2.0.0-beta.10:
    dev: false
    engines:
      node: '>= 10.0.0'
      npm: '>= 5.6.0'
      yarn: '>= 1.6.0'
    resolution:
      integrity: sha512-1eeZDm9yqsutD6fYBNVTe9jkXBzdzz+gRaAlc0FOVJmxJJBB1dSMhSsrsgYpOiDe3mtDoh8T1wvRwehZOcI0JA==
  /readdirp/3.5.0:
    dependencies:
      picomatch: 2.2.2
    dev: false
    engines:
      node: '>=8.10.0'
    resolution:
      integrity: sha512-cMhu7c/8rdhkHXWsY+osBhfSy0JikwpHK/5+imo+LpeasTF8ouErHrlYkwT0++njiyuDvc7OFY5T3ukvZ8qmFQ==
  /resolve/1.20.0:
    dependencies:
      is-core-module: 2.2.0
      path-parse: 1.0.6
    dev: false
    resolution:
      integrity: sha512-wENBPt4ySzg4ybFQW2TT1zMQucPK95HSh/nq2CFTZVOGut2+pQvSsgtda4d26YrYcr067wjbmzOG8byDPBX63A==
  /rollup/2.42.4:
    dev: false
    engines:
      node: '>=10.0.0'
    hasBin: true
    optionalDependencies:
      fsevents: 2.3.2
    resolution:
      integrity: sha512-Zqv3EvNfcllBHyyEUM754npqsZw82VIjK34cDQMwrQ1d6aqxzeYu5yFb7smGkPU4C1Bj7HupIMeT6WU7uIdnMw==
  /sass/1.32.8:
    dependencies:
      chokidar: 3.5.1
    dev: false
    engines:
      node: '>=8.9.0'
    hasBin: true
    resolution:
      integrity: sha512-Sl6mIeGpzjIUZqvKnKETfMf0iDAswD9TNlv13A7aAF3XZlRPMq4VvJWBC2N2DXbp94MQVdNSFG6LfF/iOXrPHQ==
  /source-map/0.6.1:
    dev: false
    engines:
      node: '>=0.10.0'
    resolution:
      integrity: sha512-UjgapumWlbMhkBgzT7Ykc5YXUT46F0iKu8SGXq0bcwP5dz/h0Plj6enJqjz1Zbq2l5WaqYnrVbwWOWMyF3F47g==
  /to-regex-range/5.0.1:
    dependencies:
      is-number: 7.0.0
    dev: false
    engines:
      node: '>=8.0'
    resolution:
      integrity: sha512-65P7iz6X5yEr1cwcgvQxbbIw7Uk3gOy5dIdtZ4rDveLqhrdJP+Li/Hx6tyK0NEb+2GCyneCMJiGqrADCSNk8sQ==
  /vite/2.1.2:
    dependencies:
      esbuild: 0.9.7
      postcss: 8.2.8
      resolve: 1.20.0
      rollup: 2.42.4
    dev: false
    engines:
      node: '>=12.0.0'
    hasBin: true
    optionalDependencies:
      fsevents: 2.3.2
    resolution:
      integrity: sha512-K96k5Nb1kywggFwZNGf/NQVZIrjMSvjebYWFIEQRu8AQWtzxatMF8/reExFXebmrfWAT3PTUk6l4zJBkpMtyVg==
specifiers:
  quasar: ^2.0.0-beta.10
  sass: ^1.32.8
  vite: ^2.1.2
